{
  "version": 4,
  "terraform_version": "1.9.1",
  "serial": 1,
  "lineage": "92f0b62e-a332-cca4-25e0-cb63d9007af4",
  "outputs": {},
  "resources": [
    {
      "mode": "managed",
      "type": "aws_ecs_cluster",
      "name": "cluster",
      "provider": "provider[\"registry.terraform.io/hashicorp/aws\"]",
      "instances": [
        {
          "schema_version": 0,
          "attributes": {
            "arn": "arn:aws:ecs:ap-south-1:211125439608:cluster/Pivms_Cluster",
            "configuration": [],
            "id": "arn:aws:ecs:ap-south-1:211125439608:cluster/Pivms_Cluster",
            "name": "Pivms_Cluster",
            "service_connect_defaults": [],
            "setting": [
              {
                "name": "containerInsights",
                "value": "disabled"
              }
            ],
            "tags": null,
            "tags_all": {}
          },
          "sensitive_attributes": [],
          "private": "bnVsbA=="
        }
      ]
    }
  ],
  "check_results": null
}
