{
  "version": 4,
  "terraform_version": "1.9.1",
  "serial": 1,
  "lineage": "4bb2537e-1ed0-0dfd-5e8a-85d7438795a5",
  "outputs": {},
  "resources": [
    {
      "module": "module.Account_api_ECR",
      "mode": "managed",
      "type": "aws_ecr_repository",
      "name": "ECR_REPOSITORY",
      "provider": "module.Account_api_ECR.provider[\"registry.terraform.io/hashicorp/aws\"]",
      "instances": [
        {
          "schema_version": 0,
          "attributes": {
            "arn": "arn:aws:ecr:ap-south-1:211125439608:repository/account_api",
            "encryption_configuration": [
              {
                "encryption_type": "AES256",
                "kms_key": ""
              }
            ],
            "force_delete": null,
            "id": "account_api",
            "image_scanning_configuration": [
              {
                "scan_on_push": true
              }
            ],
            "image_tag_mutability": "MUTABLE",
            "name": "account_api",
            "registry_id": "211125439608",
            "repository_url": "211125439608.dkr.ecr.ap-south-1.amazonaws.com/account_api",
            "tags": {
              "Environment": "Testing",
              "Team": "Devops "
            },
            "tags_all": {
              "Environment": "Testing",
              "Team": "Devops "
            },
            "timeouts": null
          },
          "sensitive_attributes": [],
          "private": "eyJlMmJmYjczMC1lY2FhLTExZTYtOGY4OC0zNDM2M2JjN2M0YzAiOnsiZGVsZXRlIjoxMjAwMDAwMDAwMDAwfX0="
        }
      ]
    }
  ],
  "check_results": null
}
