{
  "version": 4,
  "terraform_version": "1.9.1",
  "serial": 33,
  "lineage": "24fa2c20-70ac-9049-4332-0e4500c0e9f0",
  "outputs": {},
  "resources": [
    {
      "mode": "managed",
      "type": "aws_autoscaling_group",
      "name": "ecs_asg",
      "provider": "provider[\"registry.terraform.io/hashicorp/aws\"]",
      "instances": [
        {
          "schema_version": 1,
          "attributes": {
            "arn": "arn:aws:autoscaling:ap-south-1:211125439608:autoScalingGroup:bb2e5b51-24d4-462c-ba90-8b616741bca0:autoScalingGroupName/terraform-20241201172428035100000001",
            "availability_zones": [
              "ap-south-1a",
              "ap-south-1c"
            ],
            "capacity_rebalance": false,
            "context": "",
            "default_cooldown": 300,
            "default_instance_warmup": 0,
            "desired_capacity": 1,
            "desired_capacity_type": "",
            "enabled_metrics": [],
            "force_delete": true,
            "force_delete_warm_pool": false,
            "health_check_grace_period": 300,
            "health_check_type": "EC2",
            "id": "terraform-20241201172428035100000001",
            "ignore_failed_scaling_activities": false,
            "initial_lifecycle_hook": [],
            "instance_maintenance_policy": [],
            "instance_refresh": [],
            "launch_configuration": "ecs-launch-configuration",
            "launch_template": [],
            "load_balancers": [],
            "max_instance_lifetime": 0,
            "max_size": 5,
            "metrics_granularity": "1Minute",
            "min_elb_capacity": null,
            "min_size": 1,
            "mixed_instances_policy": [],
            "name": "terraform-20241201172428035100000001",
            "name_prefix": "terraform-",
            "placement_group": "",
            "predicted_capacity": 0,
            "protect_from_scale_in": false,
            "service_linked_role_arn": "arn:aws:iam::211125439608:role/aws-service-role/autoscaling.amazonaws.com/AWSServiceRoleForAutoScaling",
            "suspended_processes": [],
            "tag": [],
            "target_group_arns": [],
            "termination_policies": [],
            "timeouts": null,
            "traffic_source": [],
            "vpc_zone_identifier": [
              "subnet-006d411d629c883ce",
              "subnet-03a50740a0e72e863"
            ],
            "wait_for_capacity_timeout": "10m",
            "wait_for_elb_capacity": null,
            "warm_pool": [],
            "warm_pool_size": 0
          },
          "sensitive_attributes": [],
          "private": "eyJlMmJmYjczMC1lY2FhLTExZTYtOGY4OC0zNDM2M2JjN2M0YzAiOnsiZGVsZXRlIjo2MDAwMDAwMDAwMDAsInVwZGF0ZSI6NjAwMDAwMDAwMDAwfSwic2NoZW1hX3ZlcnNpb24iOiIxIn0=",
          "dependencies": [
            "aws_ecs_cluster.ecs_cluster",
            "aws_iam_instance_profile.ecs_instance_profile",
            "aws_iam_role.ecs_instance_role",
            "aws_launch_configuration.ecs_lc",
            "aws_security_group.ecs_instance_sg"
          ]
        }
      ]
    },
    {
      "mode": "managed",
      "type": "aws_ecs_capacity_provider",
      "name": "ecs_capacity_provider",
      "provider": "provider[\"registry.terraform.io/hashicorp/aws\"]",
      "instances": [
        {
          "schema_version": 0,
          "attributes": {
            "arn": "arn:aws:ecs:ap-south-1:211125439608:capacity-provider/capacity-provider",
            "auto_scaling_group_provider": [
              {
                "auto_scaling_group_arn": "arn:aws:autoscaling:ap-south-1:211125439608:autoScalingGroup:bb2e5b51-24d4-462c-ba90-8b616741bca0:autoScalingGroupName/terraform-20241201172428035100000001",
                "managed_draining": "ENABLED",
                "managed_scaling": [
                  {
                    "instance_warmup_period": 0,
                    "maximum_scaling_step_size": 5,
                    "minimum_scaling_step_size": 1,
                    "status": "ENABLED",
                    "target_capacity": 75
                  }
                ],
                "managed_termination_protection": "DISABLED"
              }
            ],
            "id": "arn:aws:ecs:ap-south-1:211125439608:capacity-provider/capacity-provider",
            "name": "capacity-provider",
            "tags": null,
            "tags_all": {}
          },
          "sensitive_attributes": [],
          "private": "bnVsbA==",
          "dependencies": [
            "aws_autoscaling_group.ecs_asg",
            "aws_ecs_cluster.ecs_cluster",
            "aws_iam_instance_profile.ecs_instance_profile",
            "aws_iam_role.ecs_instance_role",
            "aws_launch_configuration.ecs_lc",
            "aws_security_group.ecs_instance_sg"
          ]
        }
      ]
    },
    {
      "mode": "managed",
      "type": "aws_ecs_cluster",
      "name": "ecs_cluster",
      "provider": "provider[\"registry.terraform.io/hashicorp/aws\"]",
      "instances": [
        {
          "schema_version": 0,
          "attributes": {
            "arn": "arn:aws:ecs:ap-south-1:211125439608:cluster/ecs-cluster-ec2",
            "configuration": [],
            "id": "arn:aws:ecs:ap-south-1:211125439608:cluster/ecs-cluster-ec2",
            "name": "ecs-cluster-ec2",
            "service_connect_defaults": [],
            "setting": [
              {
                "name": "containerInsights",
                "value": "disabled"
              }
            ],
            "tags": {},
            "tags_all": {}
          },
          "sensitive_attributes": [],
          "private": "bnVsbA=="
        }
      ]
    },
    {
      "mode": "managed",
      "type": "aws_ecs_cluster_capacity_providers",
      "name": "ecs_cluster_capacity_providers",
      "provider": "provider[\"registry.terraform.io/hashicorp/aws\"]",
      "instances": [
        {
          "schema_version": 0,
          "attributes": {
            "capacity_providers": [
              "capacity-provider"
            ],
            "cluster_name": "ecs-cluster-ec2",
            "default_capacity_provider_strategy": [
              {
                "base": 0,
                "capacity_provider": "capacity-provider",
                "weight": 1
              }
            ],
            "id": "ecs-cluster-ec2"
          },
          "sensitive_attributes": [],
          "private": "bnVsbA==",
          "dependencies": [
            "aws_autoscaling_group.ecs_asg",
            "aws_ecs_capacity_provider.ecs_capacity_provider",
            "aws_ecs_cluster.ecs_cluster",
            "aws_iam_instance_profile.ecs_instance_profile",
            "aws_iam_role.ecs_instance_role",
            "aws_launch_configuration.ecs_lc",
            "aws_security_group.ecs_instance_sg"
          ]
        }
      ]
    },
    {
      "mode": "managed",
      "type": "aws_iam_instance_profile",
      "name": "ecs_instance_profile",
      "provider": "provider[\"registry.terraform.io/hashicorp/aws\"]",
      "instances": [
        {
          "schema_version": 0,
          "attributes": {
            "arn": "arn:aws:iam::211125439608:instance-profile/ecs-instance-profile",
            "create_date": "2024-12-01T17:23:27Z",
            "id": "ecs-instance-profile",
            "name": "ecs-instance-profile",
            "name_prefix": "",
            "path": "/",
            "role": "ecs-instance-role",
            "tags": {},
            "tags_all": {},
            "unique_id": "AIPATCKAORR4J4XZQLZS2"
          },
          "sensitive_attributes": [],
          "private": "bnVsbA==",
          "dependencies": [
            "aws_iam_role.ecs_instance_role"
          ]
        }
      ]
    },
    {
      "mode": "managed",
      "type": "aws_iam_role",
      "name": "ecs_instance_role",
      "provider": "provider[\"registry.terraform.io/hashicorp/aws\"]",
      "instances": [
        {
          "schema_version": 0,
          "attributes": {
            "arn": "arn:aws:iam::211125439608:role/ecs-instance-role",
            "assume_role_policy": "{\"Statement\":[{\"Action\":\"sts:AssumeRole\",\"Effect\":\"Allow\",\"Principal\":{\"Service\":\"ec2.amazonaws.com\"}}],\"Version\":\"2012-10-17\"}",
            "create_date": "2024-12-01T17:23:25Z",
            "description": "",
            "force_detach_policies": false,
            "id": "ecs-instance-role",
            "inline_policy": [],
            "managed_policy_arns": [
              "arn:aws:iam::aws:policy/service-role/AmazonEC2ContainerServiceforEC2Role"
            ],
            "max_session_duration": 3600,
            "name": "ecs-instance-role",
            "name_prefix": "",
            "path": "/",
            "permissions_boundary": "",
            "tags": {},
            "tags_all": {},
            "unique_id": "AROATCKAORR4GJJ75UXFR"
          },
          "sensitive_attributes": [],
          "private": "bnVsbA=="
        }
      ]
    },
    {
      "mode": "managed",
      "type": "aws_iam_role_policy_attachment",
      "name": "ecs_instance_role_policy",
      "provider": "provider[\"registry.terraform.io/hashicorp/aws\"]",
      "instances": [
        {
          "schema_version": 0,
          "attributes": {
            "id": "ecs-instance-role-20241201172323504100000001",
            "policy_arn": "arn:aws:iam::aws:policy/service-role/AmazonEC2ContainerServiceforEC2Role",
            "role": "ecs-instance-role"
          },
          "sensitive_attributes": [],
          "private": "bnVsbA==",
          "dependencies": [
            "aws_iam_role.ecs_instance_role"
          ]
        }
      ]
    },
    {
      "mode": "managed",
      "type": "aws_launch_configuration",
      "name": "ecs_lc",
      "provider": "provider[\"registry.terraform.io/hashicorp/aws\"]",
      "instances": [
        {
          "schema_version": 0,
          "attributes": {
            "arn": "arn:aws:autoscaling:ap-south-1:211125439608:launchConfiguration:8409fecb-3662-4f0e-96e0-7b2759d88562:launchConfigurationName/ecs-launch-configuration",
            "associate_public_ip_address": false,
            "ebs_block_device": [],
            "ebs_optimized": false,
            "enable_monitoring": true,
            "ephemeral_block_device": [],
            "iam_instance_profile": "ecs-instance-profile",
            "id": "ecs-launch-configuration",
            "image_id": "ami-018bf378c35021448",
            "instance_type": "t2.micro",
            "key_name": "pivms",
            "metadata_options": [],
            "name": "ecs-launch-configuration",
            "name_prefix": "",
            "placement_tenancy": "",
            "root_block_device": [],
            "security_groups": [
              "sg-06f7157649fec93ff"
            ],
            "spot_price": "",
            "user_data": "0cd2176cd2a7fdb07e7710bce4fa58409b1416f0",
            "user_data_base64": null
          },
          "sensitive_attributes": [],
          "private": "bnVsbA==",
          "dependencies": [
            "aws_ecs_cluster.ecs_cluster",
            "aws_iam_instance_profile.ecs_instance_profile",
            "aws_iam_role.ecs_instance_role",
            "aws_security_group.ecs_instance_sg"
          ]
        }
      ]
    },
    {
      "mode": "managed",
      "type": "aws_security_group",
      "name": "ecs_instance_sg",
      "provider": "provider[\"registry.terraform.io/hashicorp/aws\"]",
      "instances": [
        {
          "schema_version": 1,
          "attributes": {
            "arn": "arn:aws:ec2:ap-south-1:211125439608:security-group/sg-06f7157649fec93ff",
            "description": "Allow traffic for ECS EC2 instances",
            "egress": [
              {
                "cidr_blocks": [
                  "0.0.0.0/0"
                ],
                "description": "",
                "from_port": 0,
                "ipv6_cidr_blocks": [],
                "prefix_list_ids": [],
                "protocol": "-1",
                "security_groups": [],
                "self": false,
                "to_port": 0
              }
            ],
            "id": "sg-06f7157649fec93ff",
            "ingress": [
              {
                "cidr_blocks": [
                  "0.0.0.0/0"
                ],
                "description": "",
                "from_port": 22,
                "ipv6_cidr_blocks": [],
                "prefix_list_ids": [],
                "protocol": "tcp",
                "security_groups": [],
                "self": false,
                "to_port": 22
              },
              {
                "cidr_blocks": [
                  "0.0.0.0/0"
                ],
                "description": "",
                "from_port": 80,
                "ipv6_cidr_blocks": [],
                "prefix_list_ids": [],
                "protocol": "tcp",
                "security_groups": [],
                "self": false,
                "to_port": 80
              }
            ],
            "name": "ecs-instance-sg",
            "name_prefix": "",
            "owner_id": "211125439608",
            "revoke_rules_on_delete": false,
            "tags": {},
            "tags_all": {},
            "timeouts": null,
            "vpc_id": "vpc-075a97b2731ec0684"
          },
          "sensitive_attributes": [],
          "private": "eyJlMmJmYjczMC1lY2FhLTExZTYtOGY4OC0zNDM2M2JjN2M0YzAiOnsiY3JlYXRlIjo2MDAwMDAwMDAwMDAsImRlbGV0ZSI6OTAwMDAwMDAwMDAwfSwic2NoZW1hX3ZlcnNpb24iOiIxIn0="
        }
      ]
    }
  ],
  "check_results": null
}
